
Microsoft Visual Studio Solution File, Format Version 12.00
# Visual Studio Version 17
VisualStudioVersion = 17.0.31410.414
MinimumVisualStudioVersion = 10.0.40219.1
Project("{9A19103F-16F7-4668-BE54-9A1E7A4F7556}") = "PollStar.Users.Abstractions", "PollStar.Users.Abstractions\PollStar.Users.Abstractions.csproj", "{0AC8B484-A810-4E15-B603-906CA339CC1C}"
EndProject
Project("{9A19103F-16F7-4668-BE54-9A1E7A4F7556}") = "PollStar.Users", "PollStar.Users\PollStar.Users.csproj", "{FA17C150-75E4-4D56-904D-BB706F4D60DD}"
EndProject
Project("{FAE04EC0-301F-11D3-BF4B-00C04F79EFBC}") = "PollStar.Users.Api", "PollStar.Users.Api\PollStar.Users.Api.csproj", "{EE7E7A6C-BC78-458C-9562-FD52E33069F1}"
EndProject
Global
	GlobalSection(SolutionConfigurationPlatforms) = preSolution
		Debug|Any CPU = Debug|Any CPU
		Release|Any CPU = Release|Any CPU
	EndGlobalSection
	GlobalSection(ProjectConfigurationPlatforms) = postSolution
		{0AC8B484-A810-4E15-B603-906CA339CC1C}.Debug|Any CPU.ActiveCfg = Debug|Any CPU
		{0AC8B484-A810-4E15-B603-906CA339CC1C}.Debug|Any CPU.Build.0 = Debug|Any CPU
		{0AC8B484-A810-4E15-B603-906CA339CC1C}.Release|Any CPU.ActiveCfg = Release|Any CPU
		{0AC8B484-A810-4E15-B603-906CA339CC1C}.Release|Any CPU.Build.0 = Release|Any CPU
		{FA17C150-75E4-4D56-904D-BB706F4D60DD}.Debug|Any CPU.ActiveCfg = Debug|Any CPU
		{FA17C150-75E4-4D56-904D-BB706F4D60DD}.Debug|Any CPU.Build.0 = Debug|Any CPU
		{FA17C150-75E4-4D56-904D-BB706F4D60DD}.Release|Any CPU.ActiveCfg = Release|Any CPU
		{FA17C150-75E4-4D56-904D-BB706F4D60DD}.Release|Any CPU.Build.0 = Release|Any CPU
		{EE7E7A6C-BC78-458C-9562-FD52E33069F1}.Debug|Any CPU.ActiveCfg = Debug|Any CPU
		{EE7E7A6C-BC78-458C-9562-FD52E33069F1}.Debug|Any CPU.Build.0 = Debug|Any CPU
		{EE7E7A6C-BC78-458C-9562-FD52E33069F1}.Release|Any CPU.ActiveCfg = Release|Any CPU
		{EE7E7A6C-BC78-458C-9562-FD52E33069F1}.Release|Any CPU.Build.0 = Release|Any CPU
	EndGlobalSection
	GlobalSection(SolutionProperties) = preSolution
		HideSolutionNode = FALSE
	EndGlobalSection
	GlobalSection(ExtensibilityGlobals) = postSolution
		SolutionGuid = {B015B7C3-8054-4A65-B9B3-746D58A5411E}
	EndGlobalSection
EndGlobal
